
Microsoft Visual Studio Solution File, Format Version 12.00
# Visual Studio Version 17
VisualStudioVersion = 17.11.35303.130
MinimumVisualStudioVersion = 10.0.40219.1
Project("{2150E333-8FDC-42A3-9474-1A3956D46DE8}") = "Task0", "Task0", "{6666E524-8DAB-4180-AD27-6987879E9C91}"
EndProject
Project("{FAE04EC0-301F-11D3-BF4B-00C04F79EFBC}") = "Tyuiu.ShakirovaGM.Sprint4.Task0.V17", "Tyuiu.ShakirovaGM.Sprint4.Task0.V17\Tyuiu.ShakirovaGM.Sprint4.Task0.V17.csproj", "{7CAB3FF3-99B7-4206-BC1C-07DB3AF188DA}"
EndProject
Project("{FAE04EC0-301F-11D3-BF4B-00C04F79EFBC}") = "Tyuiu.ShakirovaGM.Sprint4.Task0.V17.Lib", "Tyuiu.ShakirovaGM.Sprint4.Task0.V17.Lib\Tyuiu.ShakirovaGM.Sprint4.Task0.V17.Lib.csproj", "{4081AB40-D59F-4ACF-B0B8-02B44182F6CA}"
EndProject
Project("{FAE04EC0-301F-11D3-BF4B-00C04F79EFBC}") = "Tyuiu.ShakirovaGM.Sprint4.Task0.V17.Test", "Tyuiu.ShakirovaGM.Sprint4.Task0.V17.Test\Tyuiu.ShakirovaGM.Sprint4.Task0.V17.Test.csproj", "{97008F11-67C9-4DFD-9061-B7CBE2DF8A32}"
EndProject
Project("{2150E333-8FDC-42A3-9474-1A3956D46DE8}") = "Task1", "Task1", "{5CB315CF-2571-4E80-90BC-A067A9F4C70A}"
EndProject
Project("{FAE04EC0-301F-11D3-BF4B-00C04F79EFBC}") = "Tyuiu.ShakirovaGM.Sprint4.Task1.V2", "Tyuiu.ShakirovaGM.Sprint4.Task1.V2\Tyuiu.ShakirovaGM.Sprint4.Task1.V2.csproj", "{1BD690AC-57DA-4457-817B-33BCEC222540}"
EndProject
Project("{FAE04EC0-301F-11D3-BF4B-00C04F79EFBC}") = "Tyuiu.ShakirovaGM.Sprint4.Task1.V2.Lib", "Tyuiu.ShakirovaGM.Sprint4.Task1.V2.Lib\Tyuiu.ShakirovaGM.Sprint4.Task1.V2.Lib.csproj", "{114A3F8A-EB97-48A1-808D-72BC84C9CCF8}"
EndProject
Project("{FAE04EC0-301F-11D3-BF4B-00C04F79EFBC}") = "Tyuiu.ShakirovaGM.Sprint4.Task1.V2.Test", "Tyuiu.ShakirovaGM.Sprint4.Task1.V2.Test\Tyuiu.ShakirovaGM.Sprint4.Task1.V2.Test.csproj", "{D5439635-7236-4A73-A7EB-094D60570964}"
EndProject
Project("{2150E333-8FDC-42A3-9474-1A3956D46DE8}") = "Task2", "Task2", "{BE1E4ED8-AED2-4D99-8FCE-2995A5C55CBA}"
EndProject
Project("{FAE04EC0-301F-11D3-BF4B-00C04F79EFBC}") = "Tyuiu.ShakirovaGM.Sprint4.Task2.V6", "Tyuiu.ShakirovaGM.Sprint4.Task2.V6\Tyuiu.ShakirovaGM.Sprint4.Task2.V6.csproj", "{4501B05F-3FA3-4C8C-A8DB-AEACB67552FD}"
EndProject
Project("{FAE04EC0-301F-11D3-BF4B-00C04F79EFBC}") = "Tyuiu.ShakirovaGM.Sprint4.Task2.V6.Lib", "Tyuiu.ShakirovaGM.Sprint4.Task2.V6.Lib\Tyuiu.ShakirovaGM.Sprint4.Task2.V6.Lib.csproj", "{23BB1429-CB0F-4614-BF27-E6B55CEB99CF}"
EndProject
Project("{FAE04EC0-301F-11D3-BF4B-00C04F79EFBC}") = "Tyuiu.ShakirovaGM.Sprint4.Task2.V6.Test", "Tyuiu.ShakirovaGM.Sprint4.Task2.V6.Test\Tyuiu.ShakirovaGM.Sprint4.Task2.V6.Test.csproj", "{16683C95-5195-4156-BFA6-A8A56A2EAE92}"
EndProject
Global
	GlobalSection(SolutionConfigurationPlatforms) = preSolution
		Debug|Any CPU = Debug|Any CPU
		Release|Any CPU = Release|Any CPU
	EndGlobalSection
	GlobalSection(ProjectConfigurationPlatforms) = postSolution
		{7CAB3FF3-99B7-4206-BC1C-07DB3AF188DA}.Debug|Any CPU.ActiveCfg = Debug|Any CPU
		{7CAB3FF3-99B7-4206-BC1C-07DB3AF188DA}.Debug|Any CPU.Build.0 = Debug|Any CPU
		{7CAB3FF3-99B7-4206-BC1C-07DB3AF188DA}.Release|Any CPU.ActiveCfg = Release|Any CPU
		{7CAB3FF3-99B7-4206-BC1C-07DB3AF188DA}.Release|Any CPU.Build.0 = Release|Any CPU
		{4081AB40-D59F-4ACF-B0B8-02B44182F6CA}.Debug|Any CPU.ActiveCfg = Debug|Any CPU
		{4081AB40-D59F-4ACF-B0B8-02B44182F6CA}.Debug|Any CPU.Build.0 = Debug|Any CPU
		{4081AB40-D59F-4ACF-B0B8-02B44182F6CA}.Release|Any CPU.ActiveCfg = Release|Any CPU
		{4081AB40-D59F-4ACF-B0B8-02B44182F6CA}.Release|Any CPU.Build.0 = Release|Any CPU
		{97008F11-67C9-4DFD-9061-B7CBE2DF8A32}.Debug|Any CPU.ActiveCfg = Debug|Any CPU
		{97008F11-67C9-4DFD-9061-B7CBE2DF8A32}.Debug|Any CPU.Build.0 = Debug|Any CPU
		{97008F11-67C9-4DFD-9061-B7CBE2DF8A32}.Release|Any CPU.ActiveCfg = Release|Any CPU
		{97008F11-67C9-4DFD-9061-B7CBE2DF8A32}.Release|Any CPU.Build.0 = Release|Any CPU
		{1BD690AC-57DA-4457-817B-33BCEC222540}.Debug|Any CPU.ActiveCfg = Debug|Any CPU
		{1BD690AC-57DA-4457-817B-33BCEC222540}.Debug|Any CPU.Build.0 = Debug|Any CPU
		{1BD690AC-57DA-4457-817B-33BCEC222540}.Release|Any CPU.ActiveCfg = Release|Any CPU
		{1BD690AC-57DA-4457-817B-33BCEC222540}.Release|Any CPU.Build.0 = Release|Any CPU
		{114A3F8A-EB97-48A1-808D-72BC84C9CCF8}.Debug|Any CPU.ActiveCfg = Debug|Any CPU
		{114A3F8A-EB97-48A1-808D-72BC84C9CCF8}.Debug|Any CPU.Build.0 = Debug|Any CPU
		{114A3F8A-EB97-48A1-808D-72BC84C9CCF8}.Release|Any CPU.ActiveCfg = Release|Any CPU
		{114A3F8A-EB97-48A1-808D-72BC84C9CCF8}.Release|Any CPU.Build.0 = Release|Any CPU
		{D5439635-7236-4A73-A7EB-094D60570964}.Debug|Any CPU.ActiveCfg = Debug|Any CPU
		{D5439635-7236-4A73-A7EB-094D60570964}.Debug|Any CPU.Build.0 = Debug|Any CPU
		{D5439635-7236-4A73-A7EB-094D60570964}.Release|Any CPU.ActiveCfg = Release|Any CPU
		{D5439635-7236-4A73-A7EB-094D60570964}.Release|Any CPU.Build.0 = Release|Any CPU
		{4501B05F-3FA3-4C8C-A8DB-AEACB67552FD}.Debug|Any CPU.ActiveCfg = Debug|Any CPU
		{4501B05F-3FA3-4C8C-A8DB-AEACB67552FD}.Debug|Any CPU.Build.0 = Debug|Any CPU
		{4501B05F-3FA3-4C8C-A8DB-AEACB67552FD}.Release|Any CPU.ActiveCfg = Release|Any CPU
		{4501B05F-3FA3-4C8C-A8DB-AEACB67552FD}.Release|Any CPU.Build.0 = Release|Any CPU
		{23BB1429-CB0F-4614-BF27-E6B55CEB99CF}.Debug|Any CPU.ActiveCfg = Debug|Any CPU
		{23BB1429-CB0F-4614-BF27-E6B55CEB99CF}.Debug|Any CPU.Build.0 = Debug|Any CPU
		{23BB1429-CB0F-4614-BF27-E6B55CEB99CF}.Release|Any CPU.ActiveCfg = Release|Any CPU
		{23BB1429-CB0F-4614-BF27-E6B55CEB99CF}.Release|Any CPU.Build.0 = Release|Any CPU
		{16683C95-5195-4156-BFA6-A8A56A2EAE92}.Debug|Any CPU.ActiveCfg = Debug|Any CPU
		{16683C95-5195-4156-BFA6-A8A56A2EAE92}.Debug|Any CPU.Build.0 = Debug|Any CPU
		{16683C95-5195-4156-BFA6-A8A56A2EAE92}.Release|Any CPU.ActiveCfg = Release|Any CPU
		{16683C95-5195-4156-BFA6-A8A56A2EAE92}.Release|Any CPU.Build.0 = Release|Any CPU
	EndGlobalSection
	GlobalSection(SolutionProperties) = preSolution
		HideSolutionNode = FALSE
	EndGlobalSection
	GlobalSection(NestedProjects) = preSolution
		{7CAB3FF3-99B7-4206-BC1C-07DB3AF188DA} = {6666E524-8DAB-4180-AD27-6987879E9C91}
		{4081AB40-D59F-4ACF-B0B8-02B44182F6CA} = {6666E524-8DAB-4180-AD27-6987879E9C91}
		{97008F11-67C9-4DFD-9061-B7CBE2DF8A32} = {6666E524-8DAB-4180-AD27-6987879E9C91}
		{1BD690AC-57DA-4457-817B-33BCEC222540} = {5CB315CF-2571-4E80-90BC-A067A9F4C70A}
		{114A3F8A-EB97-48A1-808D-72BC84C9CCF8} = {5CB315CF-2571-4E80-90BC-A067A9F4C70A}
		{D5439635-7236-4A73-A7EB-094D60570964} = {5CB315CF-2571-4E80-90BC-A067A9F4C70A}
		{4501B05F-3FA3-4C8C-A8DB-AEACB67552FD} = {BE1E4ED8-AED2-4D99-8FCE-2995A5C55CBA}
		{23BB1429-CB0F-4614-BF27-E6B55CEB99CF} = {BE1E4ED8-AED2-4D99-8FCE-2995A5C55CBA}
		{16683C95-5195-4156-BFA6-A8A56A2EAE92} = {BE1E4ED8-AED2-4D99-8FCE-2995A5C55CBA}
	EndGlobalSection
	GlobalSection(ExtensibilityGlobals) = postSolution
		SolutionGuid = {71E71F5D-1DFA-4E96-8551-6D3A2FE1DD69}
	EndGlobalSection
EndGlobal
